
Microsoft Visual Studio Solution File, Format Version 12.00
# Visual Studio 15
VisualStudioVersion = 15.0.26510.0
MinimumVisualStudioVersion = 10.0.40219.1
Project("{2150E333-8FDC-42A3-9474-1A3956D46DE8}") = "Solution Items", "Solution Items", "{9E619FD0-9258-428C-A0C4-1F86F7658846}"
	ProjectSection(SolutionItems) = preProject
		azuredeploy.json = azuredeploy.json
		..\..\..\..\Downloads\VippyPOCTemplate\parameters.json = ..\..\..\..\Downloads\VippyPOCTemplate\parameters.json
		SampleBreakdown.json = SampleBreakdown.json
		..\..\..\..\OneDrive - Microsoft\Customers\Enlace\Slide1.gif = ..\..\..\..\OneDrive - Microsoft\Customers\Enlace\Slide1.gif
		..\..\..\..\OneDrive - Microsoft\Customers\Enlace\Slide2.gif = ..\..\..\..\OneDrive - Microsoft\Customers\Enlace\Slide2.gif
		..\..\..\..\Downloads\VippyPOCTemplate\template.json = ..\..\..\..\Downloads\VippyPOCTemplate\template.json
	EndProjectSection
	ProjectSection(FolderGlobals) = preProject
		__JSONSchema = http://json.schemastore.org/commands
	EndProjectSection
EndProject
Project("{FAE04EC0-301F-11D3-BF4B-00C04F79EFBC}") = "VideoIndexerOrchestrationWeb", "VideoIndexerOrchestrationWeb\VideoIndexerOrchestrationWeb.csproj", "{7DF24DB9-5860-44D5-B922-EC4A4F3CB402}"
EndProject
Project("{9A19103F-16F7-4668-BE54-9A1E7A4F7556}") = "OrchestrationFunctions", "VideoIndexerOrchestrationFunctions\OrchestrationFunctions.csproj", "{B41BFF65-9BAA-4E53-B199-3F7563AB46E5}"
EndProject
Global
	GlobalSection(SolutionConfigurationPlatforms) = preSolution
		Debug|Any CPU = Debug|Any CPU
		Release|Any CPU = Release|Any CPU
	EndGlobalSection
	GlobalSection(ProjectConfigurationPlatforms) = postSolution
		{7DF24DB9-5860-44D5-B922-EC4A4F3CB402}.Debug|Any CPU.ActiveCfg = Debug|Any CPU
		{7DF24DB9-5860-44D5-B922-EC4A4F3CB402}.Debug|Any CPU.Build.0 = Debug|Any CPU
		{7DF24DB9-5860-44D5-B922-EC4A4F3CB402}.Release|Any CPU.ActiveCfg = Release|Any CPU
		{7DF24DB9-5860-44D5-B922-EC4A4F3CB402}.Release|Any CPU.Build.0 = Release|Any CPU
		{B41BFF65-9BAA-4E53-B199-3F7563AB46E5}.Debug|Any CPU.ActiveCfg = Debug|Any CPU
		{B41BFF65-9BAA-4E53-B199-3F7563AB46E5}.Debug|Any CPU.Build.0 = Debug|Any CPU
		{B41BFF65-9BAA-4E53-B199-3F7563AB46E5}.Release|Any CPU.ActiveCfg = Release|Any CPU
		{B41BFF65-9BAA-4E53-B199-3F7563AB46E5}.Release|Any CPU.Build.0 = Release|Any CPU
	EndGlobalSection
	GlobalSection(SolutionProperties) = preSolution
		HideSolutionNode = FALSE
	EndGlobalSection
	GlobalSection(ExtensibilityGlobals) = postSolution
		EnterpriseLibraryConfigurationToolBinariesPathV6 = packages\EnterpriseLibrary.TransientFaultHandling.6.0.1304.0\lib\portable-net45+win+wp8
	EndGlobalSection
EndGlobal
